
Microsoft Visual Studio Solution File, Format Version 12.00
# Visual Studio Version 17
VisualStudioVersion = 17.8.34511.84
MinimumVisualStudioVersion = 10.0.40219.1
Project("{9A19103F-16F7-4668-BE54-9A1E7A4F7556}") = "StudentAdmissionManagement", "StudentAdmissionManagement\StudentAdmissionManagement.csproj", "{019CCA48-617D-4515-B86D-8E8A66A370D4}"
EndProject
Project("{9A19103F-16F7-4668-BE54-9A1E7A4F7556}") = "StudentAttendanceManagement", "StudentAttendanceManagement\StudentAttendanceManagement.csproj", "{6EB31CEB-9550-4877-B5C0-F65781FD06E4}"
EndProject
Project("{FAE04EC0-301F-11D3-BF4B-00C04F79EFBC}") = "APIGateway", "APIGateway\APIGateway.csproj", "{0CC16F30-957F-4498-BA45-D9718B5FEC92}"
EndProject
Global
	GlobalSection(SolutionConfigurationPlatforms) = preSolution
		Debug|Any CPU = Debug|Any CPU
		Release|Any CPU = Release|Any CPU
	EndGlobalSection
	GlobalSection(ProjectConfigurationPlatforms) = postSolution
		{019CCA48-617D-4515-B86D-8E8A66A370D4}.Debug|Any CPU.ActiveCfg = Debug|Any CPU
		{019CCA48-617D-4515-B86D-8E8A66A370D4}.Debug|Any CPU.Build.0 = Debug|Any CPU
		{019CCA48-617D-4515-B86D-8E8A66A370D4}.Release|Any CPU.ActiveCfg = Release|Any CPU
		{019CCA48-617D-4515-B86D-8E8A66A370D4}.Release|Any CPU.Build.0 = Release|Any CPU
		{6EB31CEB-9550-4877-B5C0-F65781FD06E4}.Debug|Any CPU.ActiveCfg = Debug|Any CPU
		{6EB31CEB-9550-4877-B5C0-F65781FD06E4}.Debug|Any CPU.Build.0 = Debug|Any CPU
		{6EB31CEB-9550-4877-B5C0-F65781FD06E4}.Release|Any CPU.ActiveCfg = Release|Any CPU
		{6EB31CEB-9550-4877-B5C0-F65781FD06E4}.Release|Any CPU.Build.0 = Release|Any CPU
		{0CC16F30-957F-4498-BA45-D9718B5FEC92}.Debug|Any CPU.ActiveCfg = Debug|Any CPU
		{0CC16F30-957F-4498-BA45-D9718B5FEC92}.Debug|Any CPU.Build.0 = Debug|Any CPU
		{0CC16F30-957F-4498-BA45-D9718B5FEC92}.Release|Any CPU.ActiveCfg = Release|Any CPU
		{0CC16F30-957F-4498-BA45-D9718B5FEC92}.Release|Any CPU.Build.0 = Release|Any CPU
	EndGlobalSection
	GlobalSection(SolutionProperties) = preSolution
		HideSolutionNode = FALSE
	EndGlobalSection
	GlobalSection(ExtensibilityGlobals) = postSolution
		SolutionGuid = {A7E39EC7-F6F1-4F2B-9561-352D1352B201}
	EndGlobalSection
EndGlobal
