
Microsoft Visual Studio Solution File, Format Version 12.00
# Visual Studio Version 17
VisualStudioVersion = 17.8.34511.84
MinimumVisualStudioVersion = 10.0.40219.1
Project("{FAE04EC0-301F-11D3-BF4B-00C04F79EFBC}") = "SchoolManagement.DataAccessLayer", "SchoolManagement.DataAccessLayer\SchoolManagement.DataAccessLayer.csproj", "{FA177863-0CA1-4FF4-B879-8F93AAED843A}"
EndProject
Project("{FAE04EC0-301F-11D3-BF4B-00C04F79EFBC}") = "SchoolManagement.BusinessLayer", "SchoolManagement.BusinessLayer\SchoolManagement.BusinessLayer.csproj", "{56977DFC-9DE4-4CEA-9472-274C49758FF2}"
EndProject
Project("{FAE04EC0-301F-11D3-BF4B-00C04F79EFBC}") = "SchoolManagement.MVC", "SchoolManagement.MVC\SchoolManagement.MVC.csproj", "{C3BEA4BB-4D20-4B92-A791-2CE0E10B72A2}"
EndProject
Project("{FAE04EC0-301F-11D3-BF4B-00C04F79EFBC}") = "SchoolManagement.ModelView", "SchoolManagement.ModelView\SchoolManagement.ModelView.csproj", "{C3C3CDED-20A4-40B1-9DC8-DF494E1B88D8}"
EndProject
Project("{FAE04EC0-301F-11D3-BF4B-00C04F79EFBC}") = "SchoolManagement.ExceptionHandling", "SchoolManagement.ExceptionHandling\SchoolManagement.ExceptionHandling.csproj", "{C90D58B7-9B70-42AF-B2E4-B56B3B3E3FB2}"
EndProject
Global
	GlobalSection(SolutionConfigurationPlatforms) = preSolution
		Debug|Any CPU = Debug|Any CPU
		Release|Any CPU = Release|Any CPU
	EndGlobalSection
	GlobalSection(ProjectConfigurationPlatforms) = postSolution
		{FA177863-0CA1-4FF4-B879-8F93AAED843A}.Debug|Any CPU.ActiveCfg = Debug|Any CPU
		{FA177863-0CA1-4FF4-B879-8F93AAED843A}.Debug|Any CPU.Build.0 = Debug|Any CPU
		{FA177863-0CA1-4FF4-B879-8F93AAED843A}.Release|Any CPU.ActiveCfg = Release|Any CPU
		{FA177863-0CA1-4FF4-B879-8F93AAED843A}.Release|Any CPU.Build.0 = Release|Any CPU
		{56977DFC-9DE4-4CEA-9472-274C49758FF2}.Debug|Any CPU.ActiveCfg = Debug|Any CPU
		{56977DFC-9DE4-4CEA-9472-274C49758FF2}.Debug|Any CPU.Build.0 = Debug|Any CPU
		{56977DFC-9DE4-4CEA-9472-274C49758FF2}.Release|Any CPU.ActiveCfg = Release|Any CPU
		{56977DFC-9DE4-4CEA-9472-274C49758FF2}.Release|Any CPU.Build.0 = Release|Any CPU
		{C3BEA4BB-4D20-4B92-A791-2CE0E10B72A2}.Debug|Any CPU.ActiveCfg = Debug|Any CPU
		{C3BEA4BB-4D20-4B92-A791-2CE0E10B72A2}.Debug|Any CPU.Build.0 = Debug|Any CPU
		{C3BEA4BB-4D20-4B92-A791-2CE0E10B72A2}.Release|Any CPU.ActiveCfg = Release|Any CPU
		{C3BEA4BB-4D20-4B92-A791-2CE0E10B72A2}.Release|Any CPU.Build.0 = Release|Any CPU
		{C3C3CDED-20A4-40B1-9DC8-DF494E1B88D8}.Debug|Any CPU.ActiveCfg = Debug|Any CPU
		{C3C3CDED-20A4-40B1-9DC8-DF494E1B88D8}.Debug|Any CPU.Build.0 = Debug|Any CPU
		{C3C3CDED-20A4-40B1-9DC8-DF494E1B88D8}.Release|Any CPU.ActiveCfg = Release|Any CPU
		{C3C3CDED-20A4-40B1-9DC8-DF494E1B88D8}.Release|Any CPU.Build.0 = Release|Any CPU
		{C90D58B7-9B70-42AF-B2E4-B56B3B3E3FB2}.Debug|Any CPU.ActiveCfg = Debug|Any CPU
		{C90D58B7-9B70-42AF-B2E4-B56B3B3E3FB2}.Debug|Any CPU.Build.0 = Debug|Any CPU
		{C90D58B7-9B70-42AF-B2E4-B56B3B3E3FB2}.Release|Any CPU.ActiveCfg = Release|Any CPU
		{C90D58B7-9B70-42AF-B2E4-B56B3B3E3FB2}.Release|Any CPU.Build.0 = Release|Any CPU
	EndGlobalSection
	GlobalSection(SolutionProperties) = preSolution
		HideSolutionNode = FALSE
	EndGlobalSection
	GlobalSection(ExtensibilityGlobals) = postSolution
		SolutionGuid = {A433D263-904F-4D8A-AF16-588D1D7D406F}
	EndGlobalSection
EndGlobal
