
Microsoft Visual Studio Solution File, Format Version 12.00
# Visual Studio Version 17
VisualStudioVersion = 17.8.34511.84
MinimumVisualStudioVersion = 10.0.40219.1
Project("{FAE04EC0-301F-11D3-BF4B-00C04F79EFBC}") = "Testing_email", "Testing_email.csproj", "{60C87185-86ED-4A37-91EA-6C76E45775A8}"
EndProject
Global
	GlobalSection(SolutionConfigurationPlatforms) = preSolution
		Debug|Any CPU = Debug|Any CPU
		Release|Any CPU = Release|Any CPU
	EndGlobalSection
	GlobalSection(ProjectConfigurationPlatforms) = postSolution
		{60C87185-86ED-4A37-91EA-6C76E45775A8}.Debug|Any CPU.ActiveCfg = Debug|Any CPU
		{60C87185-86ED-4A37-91EA-6C76E45775A8}.Debug|Any CPU.Build.0 = Debug|Any CPU
		{60C87185-86ED-4A37-91EA-6C76E45775A8}.Release|Any CPU.ActiveCfg = Release|Any CPU
		{60C87185-86ED-4A37-91EA-6C76E45775A8}.Release|Any CPU.Build.0 = Release|Any CPU
	EndGlobalSection
	GlobalSection(SolutionProperties) = preSolution
		HideSolutionNode = FALSE
	EndGlobalSection
	GlobalSection(ExtensibilityGlobals) = postSolution
		SolutionGuid = {C88C595E-324A-4434-ADCF-051509CBABEF}
	EndGlobalSection
EndGlobal
